// !$*UTF8*$!
{
	archiveVersion = 1;
	classes = {
	};
	objectVersion = 46;
	objects = {

/* Begin PBXBuildFile section */
		6FAFB9921C355118DE8CC07D /* Pods_Influence.framework in Frameworks */ = {isa = PBXBuildFile; fileRef = 7BE7D8018D8E7287370F7283 /* Pods_Influence.framework */; };
		CE10DF4A1F214DB2002E7536 /* Gotham-Black.otf in Resources */ = {isa = PBXBuildFile; fileRef = CE10DF3E1F214D7C002E7536 /* Gotham-Black.otf */; };
		CE10DF4B1F214DB2002E7536 /* Gotham-BlackItalic.otf in Resources */ = {isa = PBXBuildFile; fileRef = CE10DF491F214D7C002E7536 /* Gotham-BlackItalic.otf */; };
		CE10DF4C1F214DB2002E7536 /* Gotham-Bold.otf in Resources */ = {isa = PBXBuildFile; fileRef = CE10DF461F214D7C002E7536 /* Gotham-Bold.otf */; };
		CE10DF4D1F214DB2002E7536 /* Gotham-BoldItalic.otf in Resources */ = {isa = PBXBuildFile; fileRef = CE10DF431F214D7C002E7536 /* Gotham-BoldItalic.otf */; };
		CE10DF4E1F214DB2002E7536 /* Gotham-Book.otf in Resources */ = {isa = PBXBuildFile; fileRef = CE10DF3F1F214D7C002E7536 /* Gotham-Book.otf */; };
		CE10DF4F1F214DB2002E7536 /* Gotham-BookItalic.otf in Resources */ = {isa = PBXBuildFile; fileRef = CE10DF421F214D7C002E7536 /* Gotham-BookItalic.otf */; };
		CE10DF501F214DB2002E7536 /* Gotham-Light.otf in Resources */ = {isa = PBXBuildFile; fileRef = CE10DF401F214D7C002E7536 /* Gotham-Light.otf */; };
		CE10DF511F214DB2002E7536 /* Gotham-LightItalic.otf in Resources */ = {isa = PBXBuildFile; fileRef = CE10DF481F214D7C002E7536 /* Gotham-LightItalic.otf */; };
		CE10DF521F214DB2002E7536 /* Gotham-Medium.otf in Resources */ = {isa = PBXBuildFile; fileRef = CE10DF411F214D7C002E7536 /* Gotham-Medium.otf */; };
		CE10DF531F214DB2002E7536 /* Gotham-MediumItalic.otf in Resources */ = {isa = PBXBuildFile; fileRef = CE10DF441F214D7C002E7536 /* Gotham-MediumItalic.otf */; };
		CE10DF541F214DB2002E7536 /* Gotham-XLight.otf in Resources */ = {isa = PBXBuildFile; fileRef = CE10DF471F214D7C002E7536 /* Gotham-XLight.otf */; };
		CE10DF551F214DB2002E7536 /* Gotham-XLightItalic.otf in Resources */ = {isa = PBXBuildFile; fileRef = CE10DF451F214D7C002E7536 /* Gotham-XLightItalic.otf */; };
		CE10DF561F214DE5002E7536 /* GoogleService-Info.plist in Resources */ = {isa = PBXBuildFile; fileRef = CE10DF3B1F214AC9002E7536 /* GoogleService-Info.plist */; };
		CE76781D1F213CA900C1DD87 /* AppDelegate.swift in Sources */ = {isa = PBXBuildFile; fileRef = CE76781C1F213CA900C1DD87 /* AppDelegate.swift */; };
		CE76781F1F213CA900C1DD87 /* ProfileViewController.swift in Sources */ = {isa = PBXBuildFile; fileRef = CE76781E1F213CA900C1DD87 /* ProfileViewController.swift */; };
		CE7678241F213CA900C1DD87 /* Assets.xcassets in Resources */ = {isa = PBXBuildFile; fileRef = CE7678231F213CA900C1DD87 /* Assets.xcassets */; };
		CE7678271F213CA900C1DD87 /* LaunchScreen.storyboard in Resources */ = {isa = PBXBuildFile; fileRef = CE7678251F213CA900C1DD87 /* LaunchScreen.storyboard */; };
		CE8147471F22FB8100FF9E5B /* MainConductor.swift in Sources */ = {isa = PBXBuildFile; fileRef = CE8147461F22FB8100FF9E5B /* MainConductor.swift */; };
		CE81474A1F22FF0000FF9E5B /* LeaderboardViewController.swift in Sources */ = {isa = PBXBuildFile; fileRef = CE8147491F22FF0000FF9E5B /* LeaderboardViewController.swift */; };
		CE81474C1F22FF6A00FF9E5B /* LeaderboardsConductor.swift in Sources */ = {isa = PBXBuildFile; fileRef = CE81474B1F22FF6A00FF9E5B /* LeaderboardsConductor.swift */; };
		CE81474E1F2302FE00FF9E5B /* UIImage+Influence.swift in Sources */ = {isa = PBXBuildFile; fileRef = CE81474D1F2302FD00FF9E5B /* UIImage+Influence.swift */; };
		CE8696971F2156E700491931 /* UIFont+Influence.swift in Sources */ = {isa = PBXBuildFile; fileRef = CE8696961F2156E700491931 /* UIFont+Influence.swift */; };
		CE8696991F21575C00491931 /* UIColor+Influence.swift in Sources */ = {isa = PBXBuildFile; fileRef = CE8696981F21575C00491931 /* UIColor+Influence.swift */; };
		CE86969B1F21665600491931 /* AppRouter.swift in Sources */ = {isa = PBXBuildFile; fileRef = CE86969A1F21665600491931 /* AppRouter.swift */; };
		CE86969D1F2167E800491931 /* ProfileConductor.swift in Sources */ = {isa = PBXBuildFile; fileRef = CE86969C1F2167E800491931 /* ProfileConductor.swift */; };
		CE8696A01F22480D00491931 /* DetailMenuLabel.swift in Sources */ = {isa = PBXBuildFile; fileRef = CE86969F1F22480D00491931 /* DetailMenuLabel.swift */; };
		CEE9FC571F23A56C0058E6A8 /* UIView+Influence.swift in Sources */ = {isa = PBXBuildFile; fileRef = CEE9FC561F23A56C0058E6A8 /* UIView+Influence.swift */; };
		CEE9FC591F23A58A0058E6A8 /* UITabBar+Influence.swift in Sources */ = {isa = PBXBuildFile; fileRef = CEE9FC581F23A58A0058E6A8 /* UITabBar+Influence.swift */; };
		CEE9FC5B1F23A7D50058E6A8 /* RulesViewController.swift in Sources */ = {isa = PBXBuildFile; fileRef = CEE9FC5A1F23A7D50058E6A8 /* RulesViewController.swift */; };
		CEE9FC5D1F23A7F90058E6A8 /* UINavigationBar+Influence.swift in Sources */ = {isa = PBXBuildFile; fileRef = CEE9FC5C1F23A7F90058E6A8 /* UINavigationBar+Influence.swift */; };
		CEE9FC5F1F23A84F0058E6A8 /* RulesConductor.swift in Sources */ = {isa = PBXBuildFile; fileRef = CEE9FC5E1F23A84F0058E6A8 /* RulesConductor.swift */; };
		CEE9FC611F242C4F0058E6A8 /* LoginViewController.swift in Sources */ = {isa = PBXBuildFile; fileRef = CEE9FC601F242C4F0058E6A8 /* LoginViewController.swift */; };
		CEE9FC631F242C940058E6A8 /* LoginConductor.swift in Sources */ = {isa = PBXBuildFile; fileRef = CEE9FC621F242C940058E6A8 /* LoginConductor.swift */; };
		CEE9FC651F24311F0058E6A8 /* SignupViewController.swift in Sources */ = {isa = PBXBuildFile; fileRef = CEE9FC641F24311F0058E6A8 /* SignupViewController.swift */; };
		CEE9FC671F24313B0058E6A8 /* SignupConductor.swift in Sources */ = {isa = PBXBuildFile; fileRef = CEE9FC661F24313B0058E6A8 /* SignupConductor.swift */; };
		CEE9FC691F2431DC0058E6A8 /* OnboardingViewController.swift in Sources */ = {isa = PBXBuildFile; fileRef = CEE9FC681F2431DC0058E6A8 /* OnboardingViewController.swift */; };
		CEE9FC6B1F2431FD0058E6A8 /* OnboardingConductor.swift in Sources */ = {isa = PBXBuildFile; fileRef = CEE9FC6A1F2431FD0058E6A8 /* OnboardingConductor.swift */; };
/* End PBXBuildFile section */

/* Begin PBXFileReference section */
		0768E214E369AADE6E559E8B /* Pods-Influence.debug.xcconfig */ = {isa = PBXFileReference; includeInIndex = 1; lastKnownFileType = text.xcconfig; name = "Pods-Influence.debug.xcconfig"; path = "Pods/Target Support Files/Pods-Influence/Pods-Influence.debug.xcconfig"; sourceTree = "<group>"; };
		7BE7D8018D8E7287370F7283 /* Pods_Influence.framework */ = {isa = PBXFileReference; explicitFileType = wrapper.framework; includeInIndex = 0; path = Pods_Influence.framework; sourceTree = BUILT_PRODUCTS_DIR; };
		CE10DF3B1F214AC9002E7536 /* GoogleService-Info.plist */ = {isa = PBXFileReference; lastKnownFileType = text.plist.xml; name = "GoogleService-Info.plist"; path = "Influence/Resources/GoogleService-Info.plist"; sourceTree = SOURCE_ROOT; };
		CE10DF3E1F214D7C002E7536 /* Gotham-Black.otf */ = {isa = PBXFileReference; lastKnownFileType = file; name = "Gotham-Black.otf"; path = "Influence/Resources/Gotham-Black.otf"; sourceTree = "<group>"; };
		CE10DF3F1F214D7C002E7536 /* Gotham-Book.otf */ = {isa = PBXFileReference; lastKnownFileType = file; name = "Gotham-Book.otf"; path = "Influence/Resources/Gotham-Book.otf"; sourceTree = "<group>"; };
		CE10DF401F214D7C002E7536 /* Gotham-Light.otf */ = {isa = PBXFileReference; lastKnownFileType = file; name = "Gotham-Light.otf"; path = "Influence/Resources/Gotham-Light.otf"; sourceTree = "<group>"; };
		CE10DF411F214D7C002E7536 /* Gotham-Medium.otf */ = {isa = PBXFileReference; lastKnownFileType = file; name = "Gotham-Medium.otf"; path = "Influence/Resources/Gotham-Medium.otf"; sourceTree = "<group>"; };
		CE10DF421F214D7C002E7536 /* Gotham-BookItalic.otf */ = {isa = PBXFileReference; lastKnownFileType = file; name = "Gotham-BookItalic.otf"; path = "Influence/Resources/Gotham-BookItalic.otf"; sourceTree = "<group>"; };
		CE10DF431F214D7C002E7536 /* Gotham-BoldItalic.otf */ = {isa = PBXFileReference; lastKnownFileType = file; name = "Gotham-BoldItalic.otf"; path = "Influence/Resources/Gotham-BoldItalic.otf"; sourceTree = "<group>"; };
		CE10DF441F214D7C002E7536 /* Gotham-MediumItalic.otf */ = {isa = PBXFileReference; lastKnownFileType = file; name = "Gotham-MediumItalic.otf"; path = "Influence/Resources/Gotham-MediumItalic.otf"; sourceTree = "<group>"; };
		CE10DF451F214D7C002E7536 /* Gotham-XLightItalic.otf */ = {isa = PBXFileReference; lastKnownFileType = file; name = "Gotham-XLightItalic.otf"; path = "Influence/Resources/Gotham-XLightItalic.otf"; sourceTree = "<group>"; };
		CE10DF461F214D7C002E7536 /* Gotham-Bold.otf */ = {isa = PBXFileReference; lastKnownFileType = file; name = "Gotham-Bold.otf"; path = "Influence/Resources/Gotham-Bold.otf"; sourceTree = "<group>"; };
		CE10DF471F214D7C002E7536 /* Gotham-XLight.otf */ = {isa = PBXFileReference; lastKnownFileType = file; name = "Gotham-XLight.otf"; path = "Influence/Resources/Gotham-XLight.otf"; sourceTree = "<group>"; };
		CE10DF481F214D7C002E7536 /* Gotham-LightItalic.otf */ = {isa = PBXFileReference; lastKnownFileType = file; name = "Gotham-LightItalic.otf"; path = "Influence/Resources/Gotham-LightItalic.otf"; sourceTree = "<group>"; };
		CE10DF491F214D7C002E7536 /* Gotham-BlackItalic.otf */ = {isa = PBXFileReference; lastKnownFileType = file; name = "Gotham-BlackItalic.otf"; path = "Influence/Resources/Gotham-BlackItalic.otf"; sourceTree = "<group>"; };
		CE10DF571F21527D002E7536 /* Influence.entitlements */ = {isa = PBXFileReference; lastKnownFileType = text.plist.entitlements; path = Influence.entitlements; sourceTree = "<group>"; };
		CE7678191F213CA900C1DD87 /* Influence.app */ = {isa = PBXFileReference; explicitFileType = wrapper.application; includeInIndex = 0; path = Influence.app; sourceTree = BUILT_PRODUCTS_DIR; };
		CE76781C1F213CA900C1DD87 /* AppDelegate.swift */ = {isa = PBXFileReference; lastKnownFileType = sourcecode.swift; path = AppDelegate.swift; sourceTree = "<group>"; };
		CE76781E1F213CA900C1DD87 /* ProfileViewController.swift */ = {isa = PBXFileReference; lastKnownFileType = sourcecode.swift; path = ProfileViewController.swift; sourceTree = "<group>"; };
		CE7678231F213CA900C1DD87 /* Assets.xcassets */ = {isa = PBXFileReference; lastKnownFileType = folder.assetcatalog; path = Assets.xcassets; sourceTree = "<group>"; };
		CE7678261F213CA900C1DD87 /* Base */ = {isa = PBXFileReference; lastKnownFileType = file.storyboard; name = Base; path = Base.lproj/LaunchScreen.storyboard; sourceTree = "<group>"; };
		CE7678281F213CA900C1DD87 /* Info.plist */ = {isa = PBXFileReference; lastKnownFileType = text.plist.xml; path = Info.plist; sourceTree = "<group>"; };
		CE8147461F22FB8100FF9E5B /* MainConductor.swift */ = {isa = PBXFileReference; lastKnownFileType = sourcecode.swift; path = MainConductor.swift; sourceTree = "<group>"; };
		CE8147491F22FF0000FF9E5B /* LeaderboardViewController.swift */ = {isa = PBXFileReference; lastKnownFileType = sourcecode.swift; path = LeaderboardViewController.swift; sourceTree = "<group>"; };
		CE81474B1F22FF6A00FF9E5B /* LeaderboardsConductor.swift */ = {isa = PBXFileReference; lastKnownFileType = sourcecode.swift; path = LeaderboardsConductor.swift; sourceTree = "<group>"; };
		CE81474D1F2302FD00FF9E5B /* UIImage+Influence.swift */ = {isa = PBXFileReference; lastKnownFileType = sourcecode.swift; name = "UIImage+Influence.swift"; path = "Extensions/UIImage+Influence.swift"; sourceTree = "<group>"; };
		CE8696961F2156E700491931 /* UIFont+Influence.swift */ = {isa = PBXFileReference; lastKnownFileType = sourcecode.swift; name = "UIFont+Influence.swift"; path = "Extensions/UIFont+Influence.swift"; sourceTree = "<group>"; };
		CE8696981F21575C00491931 /* UIColor+Influence.swift */ = {isa = PBXFileReference; lastKnownFileType = sourcecode.swift; name = "UIColor+Influence.swift"; path = "Extensions/UIColor+Influence.swift"; sourceTree = "<group>"; };
		CE86969A1F21665600491931 /* AppRouter.swift */ = {isa = PBXFileReference; lastKnownFileType = sourcecode.swift; path = AppRouter.swift; sourceTree = "<group>"; };
		CE86969C1F2167E800491931 /* ProfileConductor.swift */ = {isa = PBXFileReference; lastKnownFileType = sourcecode.swift; path = ProfileConductor.swift; sourceTree = "<group>"; };
		CE86969F1F22480D00491931 /* DetailMenuLabel.swift */ = {isa = PBXFileReference; lastKnownFileType = sourcecode.swift; name = DetailMenuLabel.swift; path = UIKItSubclasses/DetailMenuLabel.swift; sourceTree = "<group>"; };
		CEE9FC561F23A56C0058E6A8 /* UIView+Influence.swift */ = {isa = PBXFileReference; lastKnownFileType = sourcecode.swift; name = "UIView+Influence.swift"; path = "Extensions/UIView+Influence.swift"; sourceTree = "<group>"; };
		CEE9FC581F23A58A0058E6A8 /* UITabBar+Influence.swift */ = {isa = PBXFileReference; lastKnownFileType = sourcecode.swift; name = "UITabBar+Influence.swift"; path = "Extensions/UITabBar+Influence.swift"; sourceTree = "<group>"; };
		CEE9FC5A1F23A7D50058E6A8 /* RulesViewController.swift */ = {isa = PBXFileReference; lastKnownFileType = sourcecode.swift; path = RulesViewController.swift; sourceTree = "<group>"; };
		CEE9FC5C1F23A7F90058E6A8 /* UINavigationBar+Influence.swift */ = {isa = PBXFileReference; lastKnownFileType = sourcecode.swift; name = "UINavigationBar+Influence.swift"; path = "Extensions/UINavigationBar+Influence.swift"; sourceTree = "<group>"; };
		CEE9FC5E1F23A84F0058E6A8 /* RulesConductor.swift */ = {isa = PBXFileReference; lastKnownFileType = sourcecode.swift; path = RulesConductor.swift; sourceTree = "<group>"; };
		CEE9FC601F242C4F0058E6A8 /* LoginViewController.swift */ = {isa = PBXFileReference; lastKnownFileType = sourcecode.swift; path = LoginViewController.swift; sourceTree = "<group>"; };
		CEE9FC621F242C940058E6A8 /* LoginConductor.swift */ = {isa = PBXFileReference; lastKnownFileType = sourcecode.swift; path = LoginConductor.swift; sourceTree = "<group>"; };
		CEE9FC641F24311F0058E6A8 /* SignupViewController.swift */ = {isa = PBXFileReference; lastKnownFileType = sourcecode.swift; path = SignupViewController.swift; sourceTree = "<group>"; };
		CEE9FC661F24313B0058E6A8 /* SignupConductor.swift */ = {isa = PBXFileReference; lastKnownFileType = sourcecode.swift; path = SignupConductor.swift; sourceTree = "<group>"; };
		CEE9FC681F2431DC0058E6A8 /* OnboardingViewController.swift */ = {isa = PBXFileReference; lastKnownFileType = sourcecode.swift; path = OnboardingViewController.swift; sourceTree = "<group>"; };
		CEE9FC6A1F2431FD0058E6A8 /* OnboardingConductor.swift */ = {isa = PBXFileReference; lastKnownFileType = sourcecode.swift; path = OnboardingConductor.swift; sourceTree = "<group>"; };
		D87ED9A0E37388C4A4B45860 /* Pods-Influence.release.xcconfig */ = {isa = PBXFileReference; includeInIndex = 1; lastKnownFileType = text.xcconfig; name = "Pods-Influence.release.xcconfig"; path = "Pods/Target Support Files/Pods-Influence/Pods-Influence.release.xcconfig"; sourceTree = "<group>"; };
/* End PBXFileReference section */

/* Begin PBXFrameworksBuildPhase section */
		CE7678161F213CA900C1DD87 /* Frameworks */ = {
			isa = PBXFrameworksBuildPhase;
			buildActionMask = 2147483647;
			files = (
				6FAFB9921C355118DE8CC07D /* Pods_Influence.framework in Frameworks */,
			);
			runOnlyForDeploymentPostprocessing = 0;
		};
/* End PBXFrameworksBuildPhase section */

/* Begin PBXGroup section */
		07D0F9D36F7C8DF66BBD6C09 /* Frameworks */ = {
			isa = PBXGroup;
			children = (
				7BE7D8018D8E7287370F7283 /* Pods_Influence.framework */,
			);
			name = Frameworks;
			sourceTree = "<group>";
		};
		CC40453D18AFFAFCE7E64229 /* Pods */ = {
			isa = PBXGroup;
			children = (
				0768E214E369AADE6E559E8B /* Pods-Influence.debug.xcconfig */,
				D87ED9A0E37388C4A4B45860 /* Pods-Influence.release.xcconfig */,
			);
			name = Pods;
			sourceTree = "<group>";
		};
		CE10DF3D1F214D4E002E7536 /* Resources */ = {
			isa = PBXGroup;
			children = (
				CE10DF3B1F214AC9002E7536 /* GoogleService-Info.plist */,
				CE10DF3E1F214D7C002E7536 /* Gotham-Black.otf */,
				CE10DF491F214D7C002E7536 /* Gotham-BlackItalic.otf */,
				CE10DF461F214D7C002E7536 /* Gotham-Bold.otf */,
				CE10DF431F214D7C002E7536 /* Gotham-BoldItalic.otf */,
				CE10DF3F1F214D7C002E7536 /* Gotham-Book.otf */,
				CE10DF421F214D7C002E7536 /* Gotham-BookItalic.otf */,
				CE10DF401F214D7C002E7536 /* Gotham-Light.otf */,
				CE10DF481F214D7C002E7536 /* Gotham-LightItalic.otf */,
				CE10DF411F214D7C002E7536 /* Gotham-Medium.otf */,
				CE10DF441F214D7C002E7536 /* Gotham-MediumItalic.otf */,
				CE10DF471F214D7C002E7536 /* Gotham-XLight.otf */,
				CE10DF451F214D7C002E7536 /* Gotham-XLightItalic.otf */,
			);
			name = Resources;
			sourceTree = "<group>";
		};
		CE7678101F213CA900C1DD87 = {
			isa = PBXGroup;
			children = (
				CE10DF3D1F214D4E002E7536 /* Resources */,
				CE76781B1F213CA900C1DD87 /* Influence */,
				CE76781A1F213CA900C1DD87 /* Products */,
				CC40453D18AFFAFCE7E64229 /* Pods */,
				07D0F9D36F7C8DF66BBD6C09 /* Frameworks */,
			);
			sourceTree = "<group>";
		};
		CE76781A1F213CA900C1DD87 /* Products */ = {
			isa = PBXGroup;
			children = (
				CE7678191F213CA900C1DD87 /* Influence.app */,
			);
			name = Products;
			sourceTree = "<group>";
		};
		CE76781B1F213CA900C1DD87 /* Influence */ = {
			isa = PBXGroup;
			children = (
				CE8147481F22FEEA00FF9E5B /* ViewControllers */,
				CE8147451F22FB6900FF9E5B /* Conductors */,
				CE86969E1F2247EC00491931 /* UIKit Subclasses */,
				CE8696951F2156CC00491931 /* Extensions */,
				CE10DF571F21527D002E7536 /* Influence.entitlements */,
				CE76781C1F213CA900C1DD87 /* AppDelegate.swift */,
				CE7678231F213CA900C1DD87 /* Assets.xcassets */,
				CE7678251F213CA900C1DD87 /* LaunchScreen.storyboard */,
				CE7678281F213CA900C1DD87 /* Info.plist */,
				CE86969A1F21665600491931 /* AppRouter.swift */,
			);
			path = Influence;
			sourceTree = "<group>";
		};
		CE8147451F22FB6900FF9E5B /* Conductors */ = {
			isa = PBXGroup;
			children = (
				CE81474B1F22FF6A00FF9E5B /* LeaderboardsConductor.swift */,
				CE8147461F22FB8100FF9E5B /* MainConductor.swift */,
				CE86969C1F2167E800491931 /* ProfileConductor.swift */,
				CEE9FC5E1F23A84F0058E6A8 /* RulesConductor.swift */,
				CEE9FC621F242C940058E6A8 /* LoginConductor.swift */,
				CEE9FC661F24313B0058E6A8 /* SignupConductor.swift */,
				CEE9FC6A1F2431FD0058E6A8 /* OnboardingConductor.swift */,
			);
			path = Conductors;
			sourceTree = "<group>";
		};
		CE8147481F22FEEA00FF9E5B /* ViewControllers */ = {
			isa = PBXGroup;
			children = (
				CE76781E1F213CA900C1DD87 /* ProfileViewController.swift */,
				CE8147491F22FF0000FF9E5B /* LeaderboardViewController.swift */,
				CEE9FC5A1F23A7D50058E6A8 /* RulesViewController.swift */,
				CEE9FC601F242C4F0058E6A8 /* LoginViewController.swift */,
				CEE9FC641F24311F0058E6A8 /* SignupViewController.swift */,
				CEE9FC681F2431DC0058E6A8 /* OnboardingViewController.swift */,
			);
			path = ViewControllers;
			sourceTree = "<group>";
		};
		CE8696951F2156CC00491931 /* Extensions */ = {
			isa = PBXGroup;
			children = (
				CE8696961F2156E700491931 /* UIFont+Influence.swift */,
				CE8696981F21575C00491931 /* UIColor+Influence.swift */,
				CE81474D1F2302FD00FF9E5B /* UIImage+Influence.swift */,
				CEE9FC561F23A56C0058E6A8 /* UIView+Influence.swift */,
				CEE9FC581F23A58A0058E6A8 /* UITabBar+Influence.swift */,
				CEE9FC5C1F23A7F90058E6A8 /* UINavigationBar+Influence.swift */,
			);
			name = Extensions;
			sourceTree = "<group>";
		};
		CE86969E1F2247EC00491931 /* UIKit Subclasses */ = {
			isa = PBXGroup;
			children = (
				CE86969F1F22480D00491931 /* DetailMenuLabel.swift */,
			);
			name = "UIKit Subclasses";
			sourceTree = "<group>";
		};
/* End PBXGroup section */

/* Begin PBXNativeTarget section */
		CE7678181F213CA900C1DD87 /* Influence */ = {
			isa = PBXNativeTarget;
			buildConfigurationList = CE76782B1F213CA900C1DD87 /* Build configuration list for PBXNativeTarget "Influence" */;
			buildPhases = (
				72CE8A362754D42323FAF48E /* [CP] Check Pods Manifest.lock */,
				CE7678151F213CA900C1DD87 /* Sources */,
				CE7678161F213CA900C1DD87 /* Frameworks */,
				CE7678171F213CA900C1DD87 /* Resources */,
				5AF826EA974C460E645D3130 /* [CP] Embed Pods Frameworks */,
				8183BB5ED3DEF4966474A358 /* [CP] Copy Pods Resources */,
			);
			buildRules = (
			);
			dependencies = (
			);
			name = Influence;
			productName = Influence;
			productReference = CE7678191F213CA900C1DD87 /* Influence.app */;
			productType = "com.apple.product-type.application";
		};
/* End PBXNativeTarget section */

/* Begin PBXProject section */
		CE7678111F213CA900C1DD87 /* Project object */ = {
			isa = PBXProject;
			attributes = {
				LastSwiftUpdateCheck = 0830;
				LastUpgradeCheck = 0830;
				ORGANIZATIONNAME = Incipia;
				TargetAttributes = {
					CE7678181F213CA900C1DD87 = {
						CreatedOnToolsVersion = 8.3.2;
						DevelopmentTeam = 49BYD5B64K;
						ProvisioningStyle = Automatic;
						SystemCapabilities = {
							com.apple.SafariKeychain = {
								enabled = 1;
							};
						};
					};
				};
			};
			buildConfigurationList = CE7678141F213CA900C1DD87 /* Build configuration list for PBXProject "Influence" */;
			compatibilityVersion = "Xcode 3.2";
			developmentRegion = English;
			hasScannedForEncodings = 0;
			knownRegions = (
				en,
				Base,
			);
			mainGroup = CE7678101F213CA900C1DD87;
			productRefGroup = CE76781A1F213CA900C1DD87 /* Products */;
			projectDirPath = "";
			projectRoot = "";
			targets = (
				CE7678181F213CA900C1DD87 /* Influence */,
			);
		};
/* End PBXProject section */

/* Begin PBXResourcesBuildPhase section */
		CE7678171F213CA900C1DD87 /* Resources */ = {
			isa = PBXResourcesBuildPhase;
			buildActionMask = 2147483647;
			files = (
				CE10DF561F214DE5002E7536 /* GoogleService-Info.plist in Resources */,
				CE10DF4A1F214DB2002E7536 /* Gotham-Black.otf in Resources */,
				CE10DF4B1F214DB2002E7536 /* Gotham-BlackItalic.otf in Resources */,
				CE10DF4C1F214DB2002E7536 /* Gotham-Bold.otf in Resources */,
				CE10DF4D1F214DB2002E7536 /* Gotham-BoldItalic.otf in Resources */,
				CE10DF4E1F214DB2002E7536 /* Gotham-Book.otf in Resources */,
				CE10DF4F1F214DB2002E7536 /* Gotham-BookItalic.otf in Resources */,
				CE10DF501F214DB2002E7536 /* Gotham-Light.otf in Resources */,
				CE10DF511F214DB2002E7536 /* Gotham-LightItalic.otf in Resources */,
				CE10DF521F214DB2002E7536 /* Gotham-Medium.otf in Resources */,
				CE10DF531F214DB2002E7536 /* Gotham-MediumItalic.otf in Resources */,
				CE10DF541F214DB2002E7536 /* Gotham-XLight.otf in Resources */,
				CE10DF551F214DB2002E7536 /* Gotham-XLightItalic.otf in Resources */,
				CE7678271F213CA900C1DD87 /* LaunchScreen.storyboard in Resources */,
				CE7678241F213CA900C1DD87 /* Assets.xcassets in Resources */,
			);
			runOnlyForDeploymentPostprocessing = 0;
		};
/* End PBXResourcesBuildPhase section */

/* Begin PBXShellScriptBuildPhase section */
		5AF826EA974C460E645D3130 /* [CP] Embed Pods Frameworks */ = {
			isa = PBXShellScriptBuildPhase;
			buildActionMask = 2147483647;
			files = (
			);
			inputPaths = (
			);
			name = "[CP] Embed Pods Frameworks";
			outputPaths = (
			);
			runOnlyForDeploymentPostprocessing = 0;
			shellPath = /bin/sh;
			shellScript = "\"${SRCROOT}/Pods/Target Support Files/Pods-Influence/Pods-Influence-frameworks.sh\"\n";
			showEnvVarsInLog = 0;
		};
		72CE8A362754D42323FAF48E /* [CP] Check Pods Manifest.lock */ = {
			isa = PBXShellScriptBuildPhase;
			buildActionMask = 2147483647;
			files = (
			);
			inputPaths = (
			);
			name = "[CP] Check Pods Manifest.lock";
			outputPaths = (
			);
			runOnlyForDeploymentPostprocessing = 0;
			shellPath = /bin/sh;
			shellScript = "diff \"${PODS_PODFILE_DIR_PATH}/Podfile.lock\" \"${PODS_ROOT}/Manifest.lock\" > /dev/null\nif [ $? != 0 ] ; then\n    # print error to STDERR\n    echo \"error: The sandbox is not in sync with the Podfile.lock. Run 'pod install' or update your CocoaPods installation.\" >&2\n    exit 1\nfi\n";
			showEnvVarsInLog = 0;
		};
		8183BB5ED3DEF4966474A358 /* [CP] Copy Pods Resources */ = {
			isa = PBXShellScriptBuildPhase;
			buildActionMask = 2147483647;
			files = (
			);
			inputPaths = (
			);
			name = "[CP] Copy Pods Resources";
			outputPaths = (
			);
			runOnlyForDeploymentPostprocessing = 0;
			shellPath = /bin/sh;
			shellScript = "\"${SRCROOT}/Pods/Target Support Files/Pods-Influence/Pods-Influence-resources.sh\"\n";
			showEnvVarsInLog = 0;
		};
/* End PBXShellScriptBuildPhase section */

/* Begin PBXSourcesBuildPhase section */
		CE7678151F213CA900C1DD87 /* Sources */ = {
			isa = PBXSourcesBuildPhase;
			buildActionMask = 2147483647;
			files = (
				CEE9FC5B1F23A7D50058E6A8 /* RulesViewController.swift in Sources */,
				CE8696A01F22480D00491931 /* DetailMenuLabel.swift in Sources */,
				CE81474E1F2302FE00FF9E5B /* UIImage+Influence.swift in Sources */,
				CEE9FC671F24313B0058E6A8 /* SignupConductor.swift in Sources */,
				CEE9FC691F2431DC0058E6A8 /* OnboardingViewController.swift in Sources */,
				CEE9FC571F23A56C0058E6A8 /* UIView+Influence.swift in Sources */,
				CE76781F1F213CA900C1DD87 /* ProfileViewController.swift in Sources */,
				CE76781D1F213CA900C1DD87 /* AppDelegate.swift in Sources */,
				CE81474C1F22FF6A00FF9E5B /* LeaderboardsConductor.swift in Sources */,
				CEE9FC631F242C940058E6A8 /* LoginConductor.swift in Sources */,
				CEE9FC651F24311F0058E6A8 /* SignupViewController.swift in Sources */,
				CE8696971F2156E700491931 /* UIFont+Influence.swift in Sources */,
				CEE9FC6B1F2431FD0058E6A8 /* OnboardingConductor.swift in Sources */,
				CEE9FC5D1F23A7F90058E6A8 /* UINavigationBar+Influence.swift in Sources */,
				CE81474A1F22FF0000FF9E5B /* LeaderboardViewController.swift in Sources */,
				CE8147471F22FB8100FF9E5B /* MainConductor.swift in Sources */,
				CEE9FC5F1F23A84F0058E6A8 /* RulesConductor.swift in Sources */,
				CE86969B1F21665600491931 /* AppRouter.swift in Sources */,
				CEE9FC611F242C4F0058E6A8 /* LoginViewController.swift in Sources */,
				CE86969D1F2167E800491931 /* ProfileConductor.swift in Sources */,
				CE8696991F21575C00491931 /* UIColor+Influence.swift in Sources */,
				CEE9FC591F23A58A0058E6A8 /* UITabBar+Influence.swift in Sources */,
			);
			runOnlyForDeploymentPostprocessing = 0;
		};
/* End PBXSourcesBuildPhase section */

/* Begin PBXVariantGroup section */
		CE7678251F213CA900C1DD87 /* LaunchScreen.storyboard */ = {
			isa = PBXVariantGroup;
			children = (
				CE7678261F213CA900C1DD87 /* Base */,
			);
			name = LaunchScreen.storyboard;
			sourceTree = "<group>";
		};
/* End PBXVariantGroup section */

/* Begin XCBuildConfiguration section */
		CE7678291F213CA900C1DD87 /* Debug */ = {
			isa = XCBuildConfiguration;
			buildSettings = {
				ALWAYS_SEARCH_USER_PATHS = NO;
				CLANG_ANALYZER_NONNULL = YES;
				CLANG_ANALYZER_NUMBER_OBJECT_CONVERSION = YES_AGGRESSIVE;
				CLANG_CXX_LANGUAGE_STANDARD = "gnu++0x";
				CLANG_CXX_LIBRARY = "libc++";
				CLANG_ENABLE_MODULES = YES;
				CLANG_ENABLE_OBJC_ARC = YES;
				CLANG_WARN_BOOL_CONVERSION = YES;
				CLANG_WARN_CONSTANT_CONVERSION = YES;
				CLANG_WARN_DIRECT_OBJC_ISA_USAGE = YES_ERROR;
				CLANG_WARN_DOCUMENTATION_COMMENTS = YES;
				CLANG_WARN_EMPTY_BODY = YES;
				CLANG_WARN_ENUM_CONVERSION = YES;
				CLANG_WARN_INFINITE_RECURSION = YES;
				CLANG_WARN_INT_CONVERSION = YES;
				CLANG_WARN_OBJC_ROOT_CLASS = YES_ERROR;
				CLANG_WARN_SUSPICIOUS_MOVE = YES;
				CLANG_WARN_UNREACHABLE_CODE = YES;
				CLANG_WARN__DUPLICATE_METHOD_MATCH = YES;
				"CODE_SIGN_IDENTITY[sdk=iphoneos*]" = "iPhone Developer";
				COPY_PHASE_STRIP = NO;
				DEBUG_INFORMATION_FORMAT = dwarf;
				ENABLE_STRICT_OBJC_MSGSEND = YES;
				ENABLE_TESTABILITY = YES;
				GCC_C_LANGUAGE_STANDARD = gnu99;
				GCC_DYNAMIC_NO_PIC = NO;
				GCC_NO_COMMON_BLOCKS = YES;
				GCC_OPTIMIZATION_LEVEL = 0;
				GCC_PREPROCESSOR_DEFINITIONS = (
					"DEBUG=1",
					"$(inherited)",
				);
				GCC_WARN_64_TO_32_BIT_CONVERSION = YES;
				GCC_WARN_ABOUT_RETURN_TYPE = YES_ERROR;
				GCC_WARN_UNDECLARED_SELECTOR = YES;
				GCC_WARN_UNINITIALIZED_AUTOS = YES_AGGRESSIVE;
				GCC_WARN_UNUSED_FUNCTION = YES;
				GCC_WARN_UNUSED_VARIABLE = YES;
				IPHONEOS_DEPLOYMENT_TARGET = 10.3;
				MTL_ENABLE_DEBUG_INFO = YES;
				ONLY_ACTIVE_ARCH = YES;
				SDKROOT = iphoneos;
				SWIFT_ACTIVE_COMPILATION_CONDITIONS = DEBUG;
				SWIFT_OPTIMIZATION_LEVEL = "-Onone";
			};
			name = Debug;
		};
		CE76782A1F213CA900C1DD87 /* Release */ = {
			isa = XCBuildConfiguration;
			buildSettings = {
				ALWAYS_SEARCH_USER_PATHS = NO;
				CLANG_ANALYZER_NONNULL = YES;
				CLANG_ANALYZER_NUMBER_OBJECT_CONVERSION = YES_AGGRESSIVE;
				CLANG_CXX_LANGUAGE_STANDARD = "gnu++0x";
				CLANG_CXX_LIBRARY = "libc++";
				CLANG_ENABLE_MODULES = YES;
				CLANG_ENABLE_OBJC_ARC = YES;
				CLANG_WARN_BOOL_CONVERSION = YES;
				CLANG_WARN_CONSTANT_CONVERSION = YES;
				CLANG_WARN_DIRECT_OBJC_ISA_USAGE = YES_ERROR;
				CLANG_WARN_DOCUMENTATION_COMMENTS = YES;
				CLANG_WARN_EMPTY_BODY = YES;
				CLANG_WARN_ENUM_CONVERSION = YES;
				CLANG_WARN_INFINITE_RECURSION = YES;
				CLANG_WARN_INT_CONVERSION = YES;
				CLANG_WARN_OBJC_ROOT_CLASS = YES_ERROR;
				CLANG_WARN_SUSPICIOUS_MOVE = YES;
				CLANG_WARN_UNREACHABLE_CODE = YES;
				CLANG_WARN__DUPLICATE_METHOD_MATCH = YES;
				"CODE_SIGN_IDENTITY[sdk=iphoneos*]" = "iPhone Developer";
				COPY_PHASE_STRIP = NO;
				DEBUG_INFORMATION_FORMAT = "dwarf-with-dsym";
				ENABLE_NS_ASSERTIONS = NO;
				ENABLE_STRICT_OBJC_MSGSEND = YES;
				GCC_C_LANGUAGE_STANDARD = gnu99;
				GCC_NO_COMMON_BLOCKS = YES;
				GCC_WARN_64_TO_32_BIT_CONVERSION = YES;
				GCC_WARN_ABOUT_RETURN_TYPE = YES_ERROR;
				GCC_WARN_UNDECLARED_SELECTOR = YES;
				GCC_WARN_UNINITIALIZED_AUTOS = YES_AGGRESSIVE;
				GCC_WARN_UNUSED_FUNCTION = YES;
				GCC_WARN_UNUSED_VARIABLE = YES;
				IPHONEOS_DEPLOYMENT_TARGET = 10.3;
				MTL_ENABLE_DEBUG_INFO = NO;
				SDKROOT = iphoneos;
				SWIFT_OPTIMIZATION_LEVEL = "-Owholemodule";
				VALIDATE_PRODUCT = YES;
			};
			name = Release;
		};
		CE76782C1F213CA900C1DD87 /* Debug */ = {
			isa = XCBuildConfiguration;
			baseConfigurationReference = 0768E214E369AADE6E559E8B /* Pods-Influence.debug.xcconfig */;
			buildSettings = {
				ASSETCATALOG_COMPILER_APPICON_NAME = AppIcon;
				CODE_SIGN_ENTITLEMENTS = Influence/Influence.entitlements;
				DEVELOPMENT_TEAM = 49BYD5B64K;
				INFOPLIST_FILE = Influence/Info.plist;
				LD_RUNPATH_SEARCH_PATHS = "$(inherited) @executable_path/Frameworks";
				PRODUCT_BUNDLE_IDENTIFIER = co.incipia.influence;
				PRODUCT_NAME = "$(TARGET_NAME)";
				SWIFT_VERSION = 3.0;
			};
			name = Debug;
		};
		CE76782D1F213CA900C1DD87 /* Release */ = {
			isa = XCBuildConfiguration;
			baseConfigurationReference = D87ED9A0E37388C4A4B45860 /* Pods-Influence.release.xcconfig */;
			buildSettings = {
				ASSETCATALOG_COMPILER_APPICON_NAME = AppIcon;
				CODE_SIGN_ENTITLEMENTS = Influence/Influence.entitlements;
				DEVELOPMENT_TEAM = 49BYD5B64K;
				INFOPLIST_FILE = Influence/Info.plist;
				LD_RUNPATH_SEARCH_PATHS = "$(inherited) @executable_path/Frameworks";
				PRODUCT_BUNDLE_IDENTIFIER = co.incipia.influence;
				PRODUCT_NAME = "$(TARGET_NAME)";
				SWIFT_VERSION = 3.0;
			};
			name = Release;
		};
/* End XCBuildConfiguration section */

/* Begin XCConfigurationList section */
		CE7678141F213CA900C1DD87 /* Build configuration list for PBXProject "Influence" */ = {
			isa = XCConfigurationList;
			buildConfigurations = (
				CE7678291F213CA900C1DD87 /* Debug */,
				CE76782A1F213CA900C1DD87 /* Release */,
			);
			defaultConfigurationIsVisible = 0;
			defaultConfigurationName = Release;
		};
		CE76782B1F213CA900C1DD87 /* Build configuration list for PBXNativeTarget "Influence" */ = {
			isa = XCConfigurationList;
			buildConfigurations = (
				CE76782C1F213CA900C1DD87 /* Debug */,
				CE76782D1F213CA900C1DD87 /* Release */,
			);
			defaultConfigurationIsVisible = 0;
			defaultConfigurationName = Release;
		};
/* End XCConfigurationList section */
	};
	rootObject = CE7678111F213CA900C1DD87 /* Project object */;
}
